
Microsoft Visual Studio Solution File, Format Version 12.00
# Visual Studio Version 16
VisualStudioVersion = 16.0.30907.101
MinimumVisualStudioVersion = 10.0.40219.1
Project("{FAE04EC0-301F-11D3-BF4B-00C04F79EFBC}") = "confirmationMailSend", "confirmationMailSend\confirmationMailSend.csproj", "{F4B8BACE-5646-4314-A057-1079D88CF405}"
EndProject
Global
	GlobalSection(SolutionConfigurationPlatforms) = preSolution
		Debug|Any CPU = Debug|Any CPU
		Release|Any CPU = Release|Any CPU
	EndGlobalSection
	GlobalSection(ProjectConfigurationPlatforms) = postSolution
		{F4B8BACE-5646-4314-A057-1079D88CF405}.Debug|Any CPU.ActiveCfg = Debug|Any CPU
		{F4B8BACE-5646-4314-A057-1079D88CF405}.Debug|Any CPU.Build.0 = Debug|Any CPU
		{F4B8BACE-5646-4314-A057-1079D88CF405}.Release|Any CPU.ActiveCfg = Release|Any CPU
		{F4B8BACE-5646-4314-A057-1079D88CF405}.Release|Any CPU.Build.0 = Release|Any CPU
	EndGlobalSection
	GlobalSection(SolutionProperties) = preSolution
		HideSolutionNode = FALSE
	EndGlobalSection
	GlobalSection(ExtensibilityGlobals) = postSolution
		SolutionGuid = {21C2003F-D938-409A-8167-5BB215E25D61}
	EndGlobalSection
EndGlobal
